
Microsoft Visual Studio Solution File, Format Version 12.00
# Visual Studio Version 18
VisualStudioVersion = 18.0.11222.15 d18.0
MinimumVisualStudioVersion = 10.0.40219.1
Project("{FAE04EC0-301F-11D3-BF4B-00C04F79EFBC}") = "CameraFeed.Processor", "CameraFeed.Processor\CameraFeed.Processor.csproj", "{84AF0234-CA10-4209-83D8-21C58BE9BA57}"
EndProject
Project("{888888A0-9F3D-457C-B088-3A5042F75D52}") = "CameraFeed.ObjectDetection", "CameraFeed.ObjectDetection\CameraFeed.ObjectDetection.pyproj", "{EB7DDE57-15CE-4F6D-A27B-8CE0C61330E6}"
EndProject
Project("{FAE04EC0-301F-11D3-BF4B-00C04F79EFBC}") = "CameraFeed.SocketServer", "CameraFeed.SocketServer\CameraFeed.SocketServer.csproj", "{52BB049F-3D39-442F-B671-80B3880A104E}"
EndProject
Project("{FAE04EC0-301F-11D3-BF4B-00C04F79EFBC}") = "Tryouts", "Tryouts\Tryouts.csproj", "{DF7D3B3D-C833-49E6-BA4D-223D29045AD5}"
EndProject
Project("{FAE04EC0-301F-11D3-BF4B-00C04F79EFBC}") = "CameraFeed.Tests", "CameraFeed.Tests\CameraFeed.Tests.csproj", "{3D86DA8E-1761-4787-8E93-64B3E4F79C20}"
EndProject
Global
	GlobalSection(SolutionConfigurationPlatforms) = preSolution
		Debug|Any CPU = Debug|Any CPU
		Release|Any CPU = Release|Any CPU
	EndGlobalSection
	GlobalSection(ProjectConfigurationPlatforms) = postSolution
		{84AF0234-CA10-4209-83D8-21C58BE9BA57}.Debug|Any CPU.ActiveCfg = Debug|Any CPU
		{84AF0234-CA10-4209-83D8-21C58BE9BA57}.Debug|Any CPU.Build.0 = Debug|Any CPU
		{84AF0234-CA10-4209-83D8-21C58BE9BA57}.Release|Any CPU.ActiveCfg = Release|Any CPU
		{84AF0234-CA10-4209-83D8-21C58BE9BA57}.Release|Any CPU.Build.0 = Release|Any CPU
		{EB7DDE57-15CE-4F6D-A27B-8CE0C61330E6}.Debug|Any CPU.ActiveCfg = Debug|Any CPU
		{EB7DDE57-15CE-4F6D-A27B-8CE0C61330E6}.Release|Any CPU.ActiveCfg = Release|Any CPU
		{52BB049F-3D39-442F-B671-80B3880A104E}.Debug|Any CPU.ActiveCfg = Debug|Any CPU
		{52BB049F-3D39-442F-B671-80B3880A104E}.Debug|Any CPU.Build.0 = Debug|Any CPU
		{52BB049F-3D39-442F-B671-80B3880A104E}.Release|Any CPU.ActiveCfg = Release|Any CPU
		{52BB049F-3D39-442F-B671-80B3880A104E}.Release|Any CPU.Build.0 = Release|Any CPU
		{DF7D3B3D-C833-49E6-BA4D-223D29045AD5}.Debug|Any CPU.ActiveCfg = Debug|Any CPU
		{DF7D3B3D-C833-49E6-BA4D-223D29045AD5}.Debug|Any CPU.Build.0 = Debug|Any CPU
		{DF7D3B3D-C833-49E6-BA4D-223D29045AD5}.Release|Any CPU.ActiveCfg = Release|Any CPU
		{DF7D3B3D-C833-49E6-BA4D-223D29045AD5}.Release|Any CPU.Build.0 = Release|Any CPU
		{3D86DA8E-1761-4787-8E93-64B3E4F79C20}.Debug|Any CPU.ActiveCfg = Debug|Any CPU
		{3D86DA8E-1761-4787-8E93-64B3E4F79C20}.Debug|Any CPU.Build.0 = Debug|Any CPU
		{3D86DA8E-1761-4787-8E93-64B3E4F79C20}.Release|Any CPU.ActiveCfg = Release|Any CPU
		{3D86DA8E-1761-4787-8E93-64B3E4F79C20}.Release|Any CPU.Build.0 = Release|Any CPU
	EndGlobalSection
	GlobalSection(SolutionProperties) = preSolution
		HideSolutionNode = FALSE
	EndGlobalSection
	GlobalSection(ExtensibilityGlobals) = postSolution
		SolutionGuid = {4136F894-8A60-40DA-90FA-896C57FEE841}
	EndGlobalSection
EndGlobal
